
Microsoft Visual Studio Solution File, Format Version 12.00
# Visual Studio Version 17
VisualStudioVersion = 17.12.35707.178
MinimumVisualStudioVersion = 10.0.40219.1
Project("{FAE04EC0-301F-11D3-BF4B-00C04F79EFBC}") = "Order.API", "Order.API\Order.API.csproj", "{F234A6E4-1494-41C8-A3B4-9ECB2B2116CD}"
EndProject
Project("{FAE04EC0-301F-11D3-BF4B-00C04F79EFBC}") = "Shared", "Shared\Shared.csproj", "{308D456A-5D2E-475C-BC82-A9DAB8883267}"
EndProject
Project("{FAE04EC0-301F-11D3-BF4B-00C04F79EFBC}") = "Stock.API", "Stock.API\Stock.API.csproj", "{955BF28B-1032-46F0-989C-87414166CB33}"
EndProject
Project("{FAE04EC0-301F-11D3-BF4B-00C04F79EFBC}") = "Payment.API", "Payment.API\Payment.API.csproj", "{E3FE6017-451F-49A8-B047-1AF1F3493942}"
EndProject
Global
	GlobalSection(SolutionConfigurationPlatforms) = preSolution
		Debug|Any CPU = Debug|Any CPU
		Release|Any CPU = Release|Any CPU
	EndGlobalSection
	GlobalSection(ProjectConfigurationPlatforms) = postSolution
		{F234A6E4-1494-41C8-A3B4-9ECB2B2116CD}.Debug|Any CPU.ActiveCfg = Debug|Any CPU
		{F234A6E4-1494-41C8-A3B4-9ECB2B2116CD}.Debug|Any CPU.Build.0 = Debug|Any CPU
		{F234A6E4-1494-41C8-A3B4-9ECB2B2116CD}.Release|Any CPU.ActiveCfg = Release|Any CPU
		{F234A6E4-1494-41C8-A3B4-9ECB2B2116CD}.Release|Any CPU.Build.0 = Release|Any CPU
		{308D456A-5D2E-475C-BC82-A9DAB8883267}.Debug|Any CPU.ActiveCfg = Debug|Any CPU
		{308D456A-5D2E-475C-BC82-A9DAB8883267}.Debug|Any CPU.Build.0 = Debug|Any CPU
		{308D456A-5D2E-475C-BC82-A9DAB8883267}.Release|Any CPU.ActiveCfg = Release|Any CPU
		{308D456A-5D2E-475C-BC82-A9DAB8883267}.Release|Any CPU.Build.0 = Release|Any CPU
		{955BF28B-1032-46F0-989C-87414166CB33}.Debug|Any CPU.ActiveCfg = Debug|Any CPU
		{955BF28B-1032-46F0-989C-87414166CB33}.Debug|Any CPU.Build.0 = Debug|Any CPU
		{955BF28B-1032-46F0-989C-87414166CB33}.Release|Any CPU.ActiveCfg = Release|Any CPU
		{955BF28B-1032-46F0-989C-87414166CB33}.Release|Any CPU.Build.0 = Release|Any CPU
		{E3FE6017-451F-49A8-B047-1AF1F3493942}.Debug|Any CPU.ActiveCfg = Debug|Any CPU
		{E3FE6017-451F-49A8-B047-1AF1F3493942}.Debug|Any CPU.Build.0 = Debug|Any CPU
		{E3FE6017-451F-49A8-B047-1AF1F3493942}.Release|Any CPU.ActiveCfg = Release|Any CPU
		{E3FE6017-451F-49A8-B047-1AF1F3493942}.Release|Any CPU.Build.0 = Release|Any CPU
	EndGlobalSection
	GlobalSection(SolutionProperties) = preSolution
		HideSolutionNode = FALSE
	EndGlobalSection
EndGlobal
